// !$*UTF8*$!
{
	archiveVersion = 1;
	classes = {
	};
	objectVersion = 46;
	objects = {

/* Begin PBXBuildFile section */
		587627DD08426F8F55D1C9A2 /* Pods_FetLife.framework in Frameworks */ = {isa = PBXBuildFile; fileRef = 5F6F68224A55AA7980436403 /* Pods_FetLife.framework */; };
		828D662B1CC1DD3200A6F1D2 /* LoginViewController.swift in Sources */ = {isa = PBXBuildFile; fileRef = 82329A991C656BD900DADA23 /* LoginViewController.swift */; };
		828D662C1CC1DD3200A6F1D2 /* MessagesTableViewCellIncoming.swift in Sources */ = {isa = PBXBuildFile; fileRef = 826C5FD51C6D514F000E782B /* MessagesTableViewCellIncoming.swift */; };
		828D662D1CC1DD3200A6F1D2 /* UIColor+FetLife.swift in Sources */ = {isa = PBXBuildFile; fileRef = 8256F3661C63A630004253FE /* UIColor+FetLife.swift */; };
		828D662E1CC1DD3200A6F1D2 /* ConversationCell.swift in Sources */ = {isa = PBXBuildFile; fileRef = 8256F3581C63A600004253FE /* ConversationCell.swift */; };
		828D662F1CC1DD3200A6F1D2 /* ConversationsViewController.swift in Sources */ = {isa = PBXBuildFile; fileRef = 8256F35E1C63A619004253FE /* ConversationsViewController.swift */; };
		828D66301CC1DD3200A6F1D2 /* Dispatch.swift in Sources */ = {isa = PBXBuildFile; fileRef = 82F6D1041C8DF067002DF881 /* Dispatch.swift */; };
		828D66311CC1DD3200A6F1D2 /* LoadingView.swift in Sources */ = {isa = PBXBuildFile; fileRef = 829BAB1E1C87E74100176A9F /* LoadingView.swift */; };
		828D66321CC1DD3200A6F1D2 /* API.swift in Sources */ = {isa = PBXBuildFile; fileRef = 821DC66B1C626F8600B9C25E /* API.swift */; };
		828D66331CC1DD3200A6F1D2 /* MessagesTableViewController.swift in Sources */ = {isa = PBXBuildFile; fileRef = 826C5FCD1C6D4D17000E782B /* MessagesTableViewController.swift */; };
		828D66341CC1DD3200A6F1D2 /* AppDelegate.swift in Sources */ = {isa = PBXBuildFile; fileRef = 82B55ABD1C60FB060035D45E /* AppDelegate.swift */; };
		828D66351CC1DD3200A6F1D2 /* OAuth2+Alamofire.swift in Sources */ = {isa = PBXBuildFile; fileRef = 82329A9B1C65AFDA00DADA23 /* OAuth2+Alamofire.swift */; };
		828D66361CC1DD3200A6F1D2 /* ErrorView.swift in Sources */ = {isa = PBXBuildFile; fileRef = 829BAB221C87E9EE00176A9F /* ErrorView.swift */; };
		828D66371CC1DD3200A6F1D2 /* NoConversationsView.swift in Sources */ = {isa = PBXBuildFile; fileRef = 822989411C8742A400358EEF /* NoConversationsView.swift */; };
		828D66381CC1DD3200A6F1D2 /* Models.swift in Sources */ = {isa = PBXBuildFile; fileRef = 82F505FF1C7E57B400DDDDDF /* Models.swift */; };
		828D66391CC1DD3200A6F1D2 /* BaseMessagesTableViewCell.swift in Sources */ = {isa = PBXBuildFile; fileRef = 826C5FE51C6D6F5A000E782B /* BaseMessagesTableViewCell.swift */; };
		828D663A1CC1DD3200A6F1D2 /* MessagesTableViewCellIOutgoing.swift in Sources */ = {isa = PBXBuildFile; fileRef = 826C5FDD1C6D5BBC000E782B /* MessagesTableViewCellIOutgoing.swift */; };
		828D663E1CC1DD3200A6F1D2 /* MessagesTableViewCellIncoming.xib in Resources */ = {isa = PBXBuildFile; fileRef = 826C5FD11C6D50E7000E782B /* MessagesTableViewCellIncoming.xib */; };
		828D66401CC1DD3200A6F1D2 /* MessagesTableViewCellOutgoing.xib in Resources */ = {isa = PBXBuildFile; fileRef = 826C5FE11C6D5BDE000E782B /* MessagesTableViewCellOutgoing.xib */; };
		828D66421CC1DD3200A6F1D2 /* LaunchScreen.storyboard in Resources */ = {isa = PBXBuildFile; fileRef = 82B55AC81C60FB060035D45E /* LaunchScreen.storyboard */; };
		828D66431CC1DD3200A6F1D2 /* Podfile in Resources */ = {isa = PBXBuildFile; fileRef = 82016BA21C722A6600E05F10 /* Podfile */; };
		828D66441CC1DD3200A6F1D2 /* Assets.xcassets in Resources */ = {isa = PBXBuildFile; fileRef = 82B55AC61C60FB060035D45E /* Assets.xcassets */; };
		828D66451CC1DD3200A6F1D2 /* Main.storyboard in Resources */ = {isa = PBXBuildFile; fileRef = 82B55AC31C60FB060035D45E /* Main.storyboard */; };
		82B355971CC52A6400CBDAB3 /* MessagesTableViewCellIncoming.swift in Sources */ = {isa = PBXBuildFile; fileRef = 826C5FD51C6D514F000E782B /* MessagesTableViewCellIncoming.swift */; };
		82B355981CC52A6400CBDAB3 /* UIColor+FetLife.swift in Sources */ = {isa = PBXBuildFile; fileRef = 8256F3661C63A630004253FE /* UIColor+FetLife.swift */; };
		82B355991CC52A6400CBDAB3 /* ConversationCell.swift in Sources */ = {isa = PBXBuildFile; fileRef = 8256F3581C63A600004253FE /* ConversationCell.swift */; };
		82B3559A1CC52A6400CBDAB3 /* OAuth2+Alamofire.swift in Sources */ = {isa = PBXBuildFile; fileRef = 82329A9B1C65AFDA00DADA23 /* OAuth2+Alamofire.swift */; };
		82B3559B1CC52A6400CBDAB3 /* LoginViewController.swift in Sources */ = {isa = PBXBuildFile; fileRef = 82329A991C656BD900DADA23 /* LoginViewController.swift */; };
		82B3559C1CC52A6400CBDAB3 /* LoadingView.swift in Sources */ = {isa = PBXBuildFile; fileRef = 829BAB1E1C87E74100176A9F /* LoadingView.swift */; };
		82B3559D1CC52A6400CBDAB3 /* MessagesTableViewController.swift in Sources */ = {isa = PBXBuildFile; fileRef = 826C5FCD1C6D4D17000E782B /* MessagesTableViewController.swift */; };
		82B3559E1CC52A6400CBDAB3 /* ConversationsViewController.swift in Sources */ = {isa = PBXBuildFile; fileRef = 8256F35E1C63A619004253FE /* ConversationsViewController.swift */; };
		82B3559F1CC52A6400CBDAB3 /* FetChatTests.swift in Sources */ = {isa = PBXBuildFile; fileRef = 82B55AD41C60FB060035D45E /* FetChatTests.swift */; };
		82B355A01CC52A6400CBDAB3 /* Dispatch.swift in Sources */ = {isa = PBXBuildFile; fileRef = 82F6D1041C8DF067002DF881 /* Dispatch.swift */; };
		82B355A11CC52A6400CBDAB3 /* API.swift in Sources */ = {isa = PBXBuildFile; fileRef = 821DC66B1C626F8600B9C25E /* API.swift */; };
		82B355A21CC52A6400CBDAB3 /* ErrorView.swift in Sources */ = {isa = PBXBuildFile; fileRef = 829BAB221C87E9EE00176A9F /* ErrorView.swift */; };
		82B355A31CC52A6400CBDAB3 /* NoConversationsView.swift in Sources */ = {isa = PBXBuildFile; fileRef = 822989411C8742A400358EEF /* NoConversationsView.swift */; };
		82B355A41CC52A6400CBDAB3 /* Models.swift in Sources */ = {isa = PBXBuildFile; fileRef = 82F505FF1C7E57B400DDDDDF /* Models.swift */; };
		82B355A51CC52A6400CBDAB3 /* BaseMessagesTableViewCell.swift in Sources */ = {isa = PBXBuildFile; fileRef = 826C5FE51C6D6F5A000E782B /* BaseMessagesTableViewCell.swift */; };
		82B355A61CC52A6400CBDAB3 /* MessagesTableViewCellIOutgoing.swift in Sources */ = {isa = PBXBuildFile; fileRef = 826C5FDD1C6D5BBC000E782B /* MessagesTableViewCellIOutgoing.swift */; };
		82B355A81CC52A6400CBDAB3 /* Alamofire.framework in Frameworks */ = {isa = PBXBuildFile; fileRef = 821DC66E1C62761C00B9C25E /* Alamofire.framework */; };
		82B355AA1CC52A6400CBDAB3 /* MessagesTableViewCellIncoming.xib in Resources */ = {isa = PBXBuildFile; fileRef = 826C5FD11C6D50E7000E782B /* MessagesTableViewCellIncoming.xib */; };
		82B355AB1CC52A6400CBDAB3 /* MessagesTableViewCellOutgoing.xib in Resources */ = {isa = PBXBuildFile; fileRef = 826C5FE11C6D5BDE000E782B /* MessagesTableViewCellOutgoing.xib */; };
		82B355B21CC52AC800CBDAB3 /* MessagesTableViewCellIncoming.swift in Sources */ = {isa = PBXBuildFile; fileRef = 826C5FD51C6D514F000E782B /* MessagesTableViewCellIncoming.swift */; };
		82B355B31CC52AC800CBDAB3 /* LoginViewController.swift in Sources */ = {isa = PBXBuildFile; fileRef = 82329A991C656BD900DADA23 /* LoginViewController.swift */; };
		82B355B41CC52AC800CBDAB3 /* FetChatUITests.swift in Sources */ = {isa = PBXBuildFile; fileRef = 82B55ADF1C60FB060035D45E /* FetChatUITests.swift */; };
		82B355B51CC52AC800CBDAB3 /* OAuth2+Alamofire.swift in Sources */ = {isa = PBXBuildFile; fileRef = 82329A9B1C65AFDA00DADA23 /* OAuth2+Alamofire.swift */; };
		82B355B61CC52AC800CBDAB3 /* ConversationsViewController.swift in Sources */ = {isa = PBXBuildFile; fileRef = 8256F35E1C63A619004253FE /* ConversationsViewController.swift */; };
		82B355B71CC52AC800CBDAB3 /* LoadingView.swift in Sources */ = {isa = PBXBuildFile; fileRef = 829BAB1E1C87E74100176A9F /* LoadingView.swift */; };
		82B355B81CC52AC800CBDAB3 /* API.swift in Sources */ = {isa = PBXBuildFile; fileRef = 821DC66B1C626F8600B9C25E /* API.swift */; };
		82B355B91CC52AC800CBDAB3 /* MessagesTableViewController.swift in Sources */ = {isa = PBXBuildFile; fileRef = 826C5FCD1C6D4D17000E782B /* MessagesTableViewController.swift */; };
		82B355BA1CC52AC800CBDAB3 /* ConversationCell.swift in Sources */ = {isa = PBXBuildFile; fileRef = 8256F3581C63A600004253FE /* ConversationCell.swift */; };
		82B355BB1CC52AC800CBDAB3 /* Dispatch.swift in Sources */ = {isa = PBXBuildFile; fileRef = 82F6D1041C8DF067002DF881 /* Dispatch.swift */; };
		82B355BC1CC52AC800CBDAB3 /* UIColor+FetLife.swift in Sources */ = {isa = PBXBuildFile; fileRef = 8256F3661C63A630004253FE /* UIColor+FetLife.swift */; };
		82B355BD1CC52AC800CBDAB3 /* ErrorView.swift in Sources */ = {isa = PBXBuildFile; fileRef = 829BAB221C87E9EE00176A9F /* ErrorView.swift */; };
		82B355BE1CC52AC800CBDAB3 /* NoConversationsView.swift in Sources */ = {isa = PBXBuildFile; fileRef = 822989411C8742A400358EEF /* NoConversationsView.swift */; };
		82B355BF1CC52AC800CBDAB3 /* Models.swift in Sources */ = {isa = PBXBuildFile; fileRef = 82F505FF1C7E57B400DDDDDF /* Models.swift */; };
		82B355C01CC52AC800CBDAB3 /* BaseMessagesTableViewCell.swift in Sources */ = {isa = PBXBuildFile; fileRef = 826C5FE51C6D6F5A000E782B /* BaseMessagesTableViewCell.swift */; };
		82B355C11CC52AC800CBDAB3 /* MessagesTableViewCellIOutgoing.swift in Sources */ = {isa = PBXBuildFile; fileRef = 826C5FDD1C6D5BBC000E782B /* MessagesTableViewCellIOutgoing.swift */; };
		82B355C41CC52AC800CBDAB3 /* MessagesTableViewCellIncoming.xib in Resources */ = {isa = PBXBuildFile; fileRef = 826C5FD11C6D50E7000E782B /* MessagesTableViewCellIncoming.xib */; };
		82B355C51CC52AC800CBDAB3 /* MessagesTableViewCellOutgoing.xib in Resources */ = {isa = PBXBuildFile; fileRef = 826C5FE11C6D5BDE000E782B /* MessagesTableViewCellOutgoing.xib */; };
/* End PBXBuildFile section */

/* Begin PBXFileReference section */
		41E867F84813A83003B38D05 /* Pods-FetLife.release.xcconfig */ = {isa = PBXFileReference; includeInIndex = 1; lastKnownFileType = text.xcconfig; name = "Pods-FetLife.release.xcconfig"; path = "Pods/Target Support Files/Pods-FetLife/Pods-FetLife.release.xcconfig"; sourceTree = "<group>"; };
		58BD6D2F273768CECA24029F /* Pods-FetLife.debug.xcconfig */ = {isa = PBXFileReference; includeInIndex = 1; lastKnownFileType = text.xcconfig; name = "Pods-FetLife.debug.xcconfig"; path = "Pods/Target Support Files/Pods-FetLife/Pods-FetLife.debug.xcconfig"; sourceTree = "<group>"; };
		5F6F68224A55AA7980436403 /* Pods_FetLife.framework */ = {isa = PBXFileReference; explicitFileType = wrapper.framework; includeInIndex = 0; path = Pods_FetLife.framework; sourceTree = BUILT_PRODUCTS_DIR; };
		82016BA21C722A6600E05F10 /* Podfile */ = {isa = PBXFileReference; fileEncoding = 4; lastKnownFileType = text; lineEnding = 0; name = Podfile; path = ../Podfile; sourceTree = "<group>"; xcLanguageSpecificationIdentifier = xcode.lang.ruby; };
		821DC66B1C626F8600B9C25E /* API.swift */ = {isa = PBXFileReference; fileEncoding = 4; lastKnownFileType = sourcecode.swift; lineEnding = 0; path = API.swift; sourceTree = "<group>"; xcLanguageSpecificationIdentifier = xcode.lang.swift; };
		821DC66E1C62761C00B9C25E /* Alamofire.framework */ = {isa = PBXFileReference; lastKnownFileType = wrapper.framework; name = Alamofire.framework; path = Carthage/Build/iOS/Alamofire.framework; sourceTree = "<group>"; };
		821DC6711C6279EA00B9C25E /* Kingfisher.framework */ = {isa = PBXFileReference; lastKnownFileType = wrapper.framework; name = Kingfisher.framework; path = Carthage/Build/iOS/Kingfisher.framework; sourceTree = "<group>"; };
		822989411C8742A400358EEF /* NoConversationsView.swift */ = {isa = PBXFileReference; fileEncoding = 4; lastKnownFileType = sourcecode.swift; lineEnding = 0; name = NoConversationsView.swift; path = Views/NoConversationsView.swift; sourceTree = "<group>"; xcLanguageSpecificationIdentifier = xcode.lang.swift; };
		82329A971C656A6800DADA23 /* OAuth2.framework */ = {isa = PBXFileReference; lastKnownFileType = wrapper.framework; name = OAuth2.framework; path = Carthage/Build/iOS/OAuth2.framework; sourceTree = "<group>"; };
		82329A991C656BD900DADA23 /* LoginViewController.swift */ = {isa = PBXFileReference; fileEncoding = 4; lastKnownFileType = sourcecode.swift; lineEnding = 0; path = LoginViewController.swift; sourceTree = "<group>"; xcLanguageSpecificationIdentifier = xcode.lang.swift; };
		82329A9B1C65AFDA00DADA23 /* OAuth2+Alamofire.swift */ = {isa = PBXFileReference; fileEncoding = 4; lastKnownFileType = sourcecode.swift; lineEnding = 0; path = "OAuth2+Alamofire.swift"; sourceTree = "<group>"; xcLanguageSpecificationIdentifier = xcode.lang.swift; };
		8256F3581C63A600004253FE /* ConversationCell.swift */ = {isa = PBXFileReference; fileEncoding = 4; lastKnownFileType = sourcecode.swift; lineEnding = 0; path = ConversationCell.swift; sourceTree = "<group>"; xcLanguageSpecificationIdentifier = xcode.lang.swift; };
		8256F35E1C63A619004253FE /* ConversationsViewController.swift */ = {isa = PBXFileReference; fileEncoding = 4; lastKnownFileType = sourcecode.swift; lineEnding = 0; path = ConversationsViewController.swift; sourceTree = "<group>"; xcLanguageSpecificationIdentifier = xcode.lang.swift; };
		8256F3661C63A630004253FE /* UIColor+FetLife.swift */ = {isa = PBXFileReference; fileEncoding = 4; lastKnownFileType = sourcecode.swift; lineEnding = 0; path = "UIColor+FetLife.swift"; sourceTree = "<group>"; xcLanguageSpecificationIdentifier = xcode.lang.swift; };
		826C5FCD1C6D4D17000E782B /* MessagesTableViewController.swift */ = {isa = PBXFileReference; fileEncoding = 4; lastKnownFileType = sourcecode.swift; lineEnding = 0; path = MessagesTableViewController.swift; sourceTree = "<group>"; xcLanguageSpecificationIdentifier = xcode.lang.swift; };
		826C5FD11C6D50E7000E782B /* MessagesTableViewCellIncoming.xib */ = {isa = PBXFileReference; fileEncoding = 4; lastKnownFileType = file.xib; path = MessagesTableViewCellIncoming.xib; sourceTree = "<group>"; };
		826C5FD51C6D514F000E782B /* MessagesTableViewCellIncoming.swift */ = {isa = PBXFileReference; fileEncoding = 4; lastKnownFileType = sourcecode.swift; lineEnding = 0; path = MessagesTableViewCellIncoming.swift; sourceTree = "<group>"; xcLanguageSpecificationIdentifier = xcode.lang.swift; };
		826C5FDD1C6D5BBC000E782B /* MessagesTableViewCellIOutgoing.swift */ = {isa = PBXFileReference; fileEncoding = 4; lastKnownFileType = sourcecode.swift; lineEnding = 0; path = MessagesTableViewCellIOutgoing.swift; sourceTree = "<group>"; xcLanguageSpecificationIdentifier = xcode.lang.swift; };
		826C5FE11C6D5BDE000E782B /* MessagesTableViewCellOutgoing.xib */ = {isa = PBXFileReference; fileEncoding = 4; lastKnownFileType = file.xib; path = MessagesTableViewCellOutgoing.xib; sourceTree = "<group>"; };
		826C5FE51C6D6F5A000E782B /* BaseMessagesTableViewCell.swift */ = {isa = PBXFileReference; fileEncoding = 4; lastKnownFileType = sourcecode.swift; lineEnding = 0; path = BaseMessagesTableViewCell.swift; sourceTree = "<group>"; xcLanguageSpecificationIdentifier = xcode.lang.swift; };
		828D664D1CC1DD3200A6F1D2 /* FetLife.app */ = {isa = PBXFileReference; explicitFileType = wrapper.application; includeInIndex = 0; path = FetLife.app; sourceTree = BUILT_PRODUCTS_DIR; };
		829412C71C6BABBA006E6DCB /* FetLife-Swift-Bridging-Header.h */ = {isa = PBXFileReference; fileEncoding = 4; lastKnownFileType = sourcecode.c.h; path = "FetLife-Swift-Bridging-Header.h"; sourceTree = "<group>"; };
		829BAB1E1C87E74100176A9F /* LoadingView.swift */ = {isa = PBXFileReference; fileEncoding = 4; lastKnownFileType = sourcecode.swift; lineEnding = 0; name = LoadingView.swift; path = Views/LoadingView.swift; sourceTree = "<group>"; xcLanguageSpecificationIdentifier = xcode.lang.swift; };
		829BAB221C87E9EE00176A9F /* ErrorView.swift */ = {isa = PBXFileReference; fileEncoding = 4; lastKnownFileType = sourcecode.swift; lineEnding = 0; name = ErrorView.swift; path = Views/ErrorView.swift; sourceTree = "<group>"; xcLanguageSpecificationIdentifier = xcode.lang.swift; };
		82B355AF1CC52A6400CBDAB3 /* FetLifeTests.xctest */ = {isa = PBXFileReference; explicitFileType = wrapper.cfbundle; includeInIndex = 0; path = FetLifeTests.xctest; sourceTree = BUILT_PRODUCTS_DIR; };
		82B355C91CC52AC800CBDAB3 /* FetLifeUITests.xctest */ = {isa = PBXFileReference; explicitFileType = wrapper.cfbundle; includeInIndex = 0; path = FetLifeUITests.xctest; sourceTree = BUILT_PRODUCTS_DIR; };
		82B55ABD1C60FB060035D45E /* AppDelegate.swift */ = {isa = PBXFileReference; lastKnownFileType = sourcecode.swift; lineEnding = 0; path = AppDelegate.swift; sourceTree = "<group>"; xcLanguageSpecificationIdentifier = xcode.lang.swift; };
		82B55AC41C60FB060035D45E /* Base */ = {isa = PBXFileReference; lastKnownFileType = file.storyboard; name = Base; path = Base.lproj/Main.storyboard; sourceTree = "<group>"; };
		82B55AC61C60FB060035D45E /* Assets.xcassets */ = {isa = PBXFileReference; lastKnownFileType = folder.assetcatalog; path = Assets.xcassets; sourceTree = "<group>"; };
		82B55AC91C60FB060035D45E /* Base */ = {isa = PBXFileReference; lastKnownFileType = file.storyboard; name = Base; path = Base.lproj/LaunchScreen.storyboard; sourceTree = "<group>"; };
		82B55ACB1C60FB060035D45E /* Info.plist */ = {isa = PBXFileReference; lastKnownFileType = text.plist.xml; path = Info.plist; sourceTree = "<group>"; };
		82B55AD41C60FB060035D45E /* FetChatTests.swift */ = {isa = PBXFileReference; lastKnownFileType = sourcecode.swift; lineEnding = 0; path = FetChatTests.swift; sourceTree = "<group>"; xcLanguageSpecificationIdentifier = xcode.lang.swift; };
		82B55AD61C60FB060035D45E /* Info.plist */ = {isa = PBXFileReference; lastKnownFileType = text.plist.xml; path = Info.plist; sourceTree = "<group>"; };
		82B55ADF1C60FB060035D45E /* FetChatUITests.swift */ = {isa = PBXFileReference; lastKnownFileType = sourcecode.swift; lineEnding = 0; path = FetChatUITests.swift; sourceTree = "<group>"; xcLanguageSpecificationIdentifier = xcode.lang.swift; };
		82B55AE11C60FB060035D45E /* Info.plist */ = {isa = PBXFileReference; lastKnownFileType = text.plist.xml; path = Info.plist; sourceTree = "<group>"; };
		82CE556D1C62D79F00E12101 /* SlackTextViewController.framework */ = {isa = PBXFileReference; lastKnownFileType = wrapper.framework; name = SlackTextViewController.framework; path = Carthage/Build/iOS/SlackTextViewController.framework; sourceTree = "<group>"; };
		82CE55711C6306C600E12101 /* DateTools.framework */ = {isa = PBXFileReference; lastKnownFileType = wrapper.framework; name = DateTools.framework; path = Carthage/Build/iOS/DateTools.framework; sourceTree = "<group>"; };
		82CE55731C630FF000E12101 /* Freddy.framework */ = {isa = PBXFileReference; lastKnownFileType = wrapper.framework; name = Freddy.framework; path = Carthage/Build/iOS/Freddy.framework; sourceTree = "<group>"; };
		82F505FF1C7E57B400DDDDDF /* Models.swift */ = {isa = PBXFileReference; fileEncoding = 4; lastKnownFileType = sourcecode.swift; lineEnding = 0; path = Models.swift; sourceTree = "<group>"; xcLanguageSpecificationIdentifier = xcode.lang.swift; };
		82F6D1041C8DF067002DF881 /* Dispatch.swift */ = {isa = PBXFileReference; fileEncoding = 4; lastKnownFileType = sourcecode.swift; lineEnding = 0; path = Dispatch.swift; sourceTree = "<group>"; xcLanguageSpecificationIdentifier = xcode.lang.swift; };
		B9A2A5F9B52A1C96395D32FD /* Pods_FetChat.framework */ = {isa = PBXFileReference; explicitFileType = wrapper.framework; includeInIndex = 0; path = Pods_FetChat.framework; sourceTree = BUILT_PRODUCTS_DIR; };
/* End PBXFileReference section */

/* Begin PBXFrameworksBuildPhase section */
		828D663B1CC1DD3200A6F1D2 /* Frameworks */ = {
			isa = PBXFrameworksBuildPhase;
			buildActionMask = 2147483647;
			files = (
				587627DD08426F8F55D1C9A2 /* Pods_FetLife.framework in Frameworks */,
			);
			runOnlyForDeploymentPostprocessing = 0;
		};
		82B355A71CC52A6400CBDAB3 /* Frameworks */ = {
			isa = PBXFrameworksBuildPhase;
			buildActionMask = 2147483647;
			files = (
				82B355A81CC52A6400CBDAB3 /* Alamofire.framework in Frameworks */,
			);
			runOnlyForDeploymentPostprocessing = 0;
		};
		82B355C21CC52AC800CBDAB3 /* Frameworks */ = {
			isa = PBXFrameworksBuildPhase;
			buildActionMask = 2147483647;
			files = (
			);
			runOnlyForDeploymentPostprocessing = 0;
		};
/* End PBXFrameworksBuildPhase section */

/* Begin PBXGroup section */
		4534BD77DDAA645059BCF700 /* Pods */ = {
			isa = PBXGroup;
			children = (
				58BD6D2F273768CECA24029F /* Pods-FetLife.debug.xcconfig */,
				41E867F84813A83003B38D05 /* Pods-FetLife.release.xcconfig */,
			);
			name = Pods;
			sourceTree = "<group>";
		};
		82329A941C65256A00DADA23 /* Frameworks */ = {
			isa = PBXGroup;
			children = (
				82329A971C656A6800DADA23 /* OAuth2.framework */,
				82CE55711C6306C600E12101 /* DateTools.framework */,
				82CE556D1C62D79F00E12101 /* SlackTextViewController.framework */,
				82CE55731C630FF000E12101 /* Freddy.framework */,
				821DC6711C6279EA00B9C25E /* Kingfisher.framework */,
				821DC66E1C62761C00B9C25E /* Alamofire.framework */,
				B9A2A5F9B52A1C96395D32FD /* Pods_FetChat.framework */,
				5F6F68224A55AA7980436403 /* Pods_FetLife.framework */,
			);
			name = Frameworks;
			sourceTree = "<group>";
		};
		82329A961C65436600DADA23 /* Storyboards */ = {
			isa = PBXGroup;
			children = (
				82B55AC81C60FB060035D45E /* LaunchScreen.storyboard */,
				82B55AC31C60FB060035D45E /* Main.storyboard */,
			);
			name = Storyboards;
			sourceTree = "<group>";
		};
		8256F3571C63A600004253FE /* Cells */ = {
			isa = PBXGroup;
			children = (
				8256F3581C63A600004253FE /* ConversationCell.swift */,
				826C5FD11C6D50E7000E782B /* MessagesTableViewCellIncoming.xib */,
				826C5FE11C6D5BDE000E782B /* MessagesTableViewCellOutgoing.xib */,
				826C5FD51C6D514F000E782B /* MessagesTableViewCellIncoming.swift */,
				826C5FDD1C6D5BBC000E782B /* MessagesTableViewCellIOutgoing.swift */,
				826C5FE51C6D6F5A000E782B /* BaseMessagesTableViewCell.swift */,
			);
			path = Cells;
			sourceTree = "<group>";
		};
		8256F35C1C63A619004253FE /* Extensions */ = {
			isa = PBXGroup;
			children = (
				8256F3661C63A630004253FE /* UIColor+FetLife.swift */,
				82329A9B1C65AFDA00DADA23 /* OAuth2+Alamofire.swift */,
			);
			path = Extensions;
			sourceTree = "<group>";
		};
		8256F35D1C63A619004253FE /* ViewControllers */ = {
			isa = PBXGroup;
			children = (
				8256F35E1C63A619004253FE /* ConversationsViewController.swift */,
				826C5FCD1C6D4D17000E782B /* MessagesTableViewController.swift */,
				82329A991C656BD900DADA23 /* LoginViewController.swift */,
			);
			path = ViewControllers;
			sourceTree = "<group>";
		};
		827439361C6E575A0086D13D /* Views */ = {
			isa = PBXGroup;
			children = (
				822989411C8742A400358EEF /* NoConversationsView.swift */,
				829BAB1E1C87E74100176A9F /* LoadingView.swift */,
				829BAB221C87E9EE00176A9F /* ErrorView.swift */,
			);
			name = Views;
			sourceTree = "<group>";
		};
		82B55AB11C60FB060035D45E = {
			isa = PBXGroup;
			children = (
				82B55ABC1C60FB060035D45E /* FetLife */,
				82B55AD31C60FB060035D45E /* FetLifeTests */,
				82B55ADE1C60FB060035D45E /* FetLifeUITests */,
				82B55ABB1C60FB060035D45E /* Products */,
				82329A941C65256A00DADA23 /* Frameworks */,
				4534BD77DDAA645059BCF700 /* Pods */,
			);
			sourceTree = "<group>";
		};
		82B55ABB1C60FB060035D45E /* Products */ = {
			isa = PBXGroup;
			children = (
				828D664D1CC1DD3200A6F1D2 /* FetLife.app */,
				82B355AF1CC52A6400CBDAB3 /* FetLifeTests.xctest */,
				82B355C91CC52AC800CBDAB3 /* FetLifeUITests.xctest */,
			);
			name = Products;
			sourceTree = "<group>";
		};
		82B55ABC1C60FB060035D45E /* FetLife */ = {
			isa = PBXGroup;
			children = (
				82B55ABD1C60FB060035D45E /* AppDelegate.swift */,
				82F6D1041C8DF067002DF881 /* Dispatch.swift */,
				821DC66B1C626F8600B9C25E /* API.swift */,
				82F505FF1C7E57B400DDDDDF /* Models.swift */,
				8256F3571C63A600004253FE /* Cells */,
				8256F35C1C63A619004253FE /* Extensions */,
				8256F35D1C63A619004253FE /* ViewControllers */,
				827439361C6E575A0086D13D /* Views */,
				82329A961C65436600DADA23 /* Storyboards */,
				82B55AC61C60FB060035D45E /* Assets.xcassets */,
				82B55ACB1C60FB060035D45E /* Info.plist */,
				82016BA21C722A6600E05F10 /* Podfile */,
				829412C71C6BABBA006E6DCB /* FetLife-Swift-Bridging-Header.h */,
			);
			path = FetLife;
			sourceTree = "<group>";
		};
		82B55AD31C60FB060035D45E /* FetLifeTests */ = {
			isa = PBXGroup;
			children = (
				82B55AD41C60FB060035D45E /* FetChatTests.swift */,
				82B55AD61C60FB060035D45E /* Info.plist */,
			);
			path = FetLifeTests;
			sourceTree = SOURCE_ROOT;
		};
		82B55ADE1C60FB060035D45E /* FetLifeUITests */ = {
			isa = PBXGroup;
			children = (
				82B55ADF1C60FB060035D45E /* FetChatUITests.swift */,
				82B55AE11C60FB060035D45E /* Info.plist */,
			);
			path = FetLifeUITests;
			sourceTree = "<group>";
		};
/* End PBXGroup section */

/* Begin PBXNativeTarget section */
		828D66281CC1DD3200A6F1D2 /* FetLife */ = {
			isa = PBXNativeTarget;
			buildConfigurationList = 828D664A1CC1DD3200A6F1D2 /* Build configuration list for PBXNativeTarget "FetLife" */;
			buildPhases = (
				828D66291CC1DD3200A6F1D2 /* Check Pods Manifest.lock */,
				828D662A1CC1DD3200A6F1D2 /* Sources */,
				828D663B1CC1DD3200A6F1D2 /* Frameworks */,
				828D663D1CC1DD3200A6F1D2 /* Resources */,
				828D66471CC1DD3200A6F1D2 /* Embed Pods Frameworks */,
				828D66481CC1DD3200A6F1D2 /* Copy Pods Resources */,
				828D66491CC1DD3200A6F1D2 /* Setup Fabric */,
			);
			buildRules = (
			);
			dependencies = (
			);
			name = FetLife;
			productName = FetChat;
			productReference = 828D664D1CC1DD3200A6F1D2 /* FetLife.app */;
			productType = "com.apple.product-type.application";
		};
		82B355951CC52A6400CBDAB3 /* FetLifeTests */ = {
			isa = PBXNativeTarget;
			buildConfigurationList = 82B355AC1CC52A6400CBDAB3 /* Build configuration list for PBXNativeTarget "FetLifeTests" */;
			buildPhases = (
				82B355961CC52A6400CBDAB3 /* Sources */,
				82B355A71CC52A6400CBDAB3 /* Frameworks */,
				82B355A91CC52A6400CBDAB3 /* Resources */,
			);
			buildRules = (
			);
			dependencies = (
			);
			name = FetLifeTests;
			productName = FetChatTests;
			productReference = 82B355AF1CC52A6400CBDAB3 /* FetLifeTests.xctest */;
			productType = "com.apple.product-type.bundle.unit-test";
		};
		82B355B01CC52AC800CBDAB3 /* FetLifeUITests */ = {
			isa = PBXNativeTarget;
			buildConfigurationList = 82B355C61CC52AC800CBDAB3 /* Build configuration list for PBXNativeTarget "FetLifeUITests" */;
			buildPhases = (
				82B355B11CC52AC800CBDAB3 /* Sources */,
				82B355C21CC52AC800CBDAB3 /* Frameworks */,
				82B355C31CC52AC800CBDAB3 /* Resources */,
			);
			buildRules = (
			);
			dependencies = (
			);
			name = FetLifeUITests;
			productName = FetChatUITests;
			productReference = 82B355C91CC52AC800CBDAB3 /* FetLifeUITests.xctest */;
			productType = "com.apple.product-type.bundle.ui-testing";
		};
/* End PBXNativeTarget section */

/* Begin PBXProject section */
		82B55AB21C60FB060035D45E /* Project object */ = {
			isa = PBXProject;
			attributes = {
				LastSwiftUpdateCheck = 0720;
				LastUpgradeCheck = 0720;
				ORGANIZATIONNAME = "BitLove Inc.";
			};
			buildConfigurationList = 82B55AB51C60FB060035D45E /* Build configuration list for PBXProject "FetLife" */;
			compatibilityVersion = "Xcode 3.2";
			developmentRegion = English;
			hasScannedForEncodings = 0;
			knownRegions = (
				en,
				Base,
			);
			mainGroup = 82B55AB11C60FB060035D45E;
			productRefGroup = 82B55ABB1C60FB060035D45E /* Products */;
			projectDirPath = "";
			projectRoot = "";
			targets = (
				828D66281CC1DD3200A6F1D2 /* FetLife */,
				82B355951CC52A6400CBDAB3 /* FetLifeTests */,
				82B355B01CC52AC800CBDAB3 /* FetLifeUITests */,
			);
		};
/* End PBXProject section */

/* Begin PBXResourcesBuildPhase section */
		828D663D1CC1DD3200A6F1D2 /* Resources */ = {
			isa = PBXResourcesBuildPhase;
			buildActionMask = 2147483647;
			files = (
				828D663E1CC1DD3200A6F1D2 /* MessagesTableViewCellIncoming.xib in Resources */,
				828D66401CC1DD3200A6F1D2 /* MessagesTableViewCellOutgoing.xib in Resources */,
				828D66421CC1DD3200A6F1D2 /* LaunchScreen.storyboard in Resources */,
				828D66431CC1DD3200A6F1D2 /* Podfile in Resources */,
				828D66441CC1DD3200A6F1D2 /* Assets.xcassets in Resources */,
				828D66451CC1DD3200A6F1D2 /* Main.storyboard in Resources */,
			);
			runOnlyForDeploymentPostprocessing = 0;
		};
		82B355A91CC52A6400CBDAB3 /* Resources */ = {
			isa = PBXResourcesBuildPhase;
			buildActionMask = 2147483647;
			files = (
				82B355AA1CC52A6400CBDAB3 /* MessagesTableViewCellIncoming.xib in Resources */,
				82B355AB1CC52A6400CBDAB3 /* MessagesTableViewCellOutgoing.xib in Resources */,
			);
			runOnlyForDeploymentPostprocessing = 0;
		};
		82B355C31CC52AC800CBDAB3 /* Resources */ = {
			isa = PBXResourcesBuildPhase;
			buildActionMask = 2147483647;
			files = (
				82B355C41CC52AC800CBDAB3 /* MessagesTableViewCellIncoming.xib in Resources */,
				82B355C51CC52AC800CBDAB3 /* MessagesTableViewCellOutgoing.xib in Resources */,
			);
			runOnlyForDeploymentPostprocessing = 0;
		};
/* End PBXResourcesBuildPhase section */

/* Begin PBXShellScriptBuildPhase section */
		828D66291CC1DD3200A6F1D2 /* Check Pods Manifest.lock */ = {
			isa = PBXShellScriptBuildPhase;
			buildActionMask = 2147483647;
			files = (
			);
			inputPaths = (
			);
			name = "Check Pods Manifest.lock";
			outputPaths = (
			);
			runOnlyForDeploymentPostprocessing = 0;
			shellPath = /bin/sh;
			shellScript = "diff \"${PODS_ROOT}/../Podfile.lock\" \"${PODS_ROOT}/Manifest.lock\" > /dev/null\nif [[ $? != 0 ]] ; then\n    cat << EOM\nerror: The sandbox is not in sync with the Podfile.lock. Run 'pod install' or update your CocoaPods installation.\nEOM\n    exit 1\nfi\n";
			showEnvVarsInLog = 0;
		};
		828D66471CC1DD3200A6F1D2 /* Embed Pods Frameworks */ = {
			isa = PBXShellScriptBuildPhase;
			buildActionMask = 2147483647;
			files = (
			);
			inputPaths = (
			);
			name = "Embed Pods Frameworks";
			outputPaths = (
			);
			runOnlyForDeploymentPostprocessing = 0;
			shellPath = /bin/sh;
			shellScript = "\"${SRCROOT}/Pods/Target Support Files/Pods-FetLife/Pods-FetLife-frameworks.sh\"\n";
			showEnvVarsInLog = 0;
		};
		828D66481CC1DD3200A6F1D2 /* Copy Pods Resources */ = {
			isa = PBXShellScriptBuildPhase;
			buildActionMask = 2147483647;
			files = (
			);
			inputPaths = (
			);
			name = "Copy Pods Resources";
			outputPaths = (
			);
			runOnlyForDeploymentPostprocessing = 0;
			shellPath = /bin/sh;
			shellScript = "\"${SRCROOT}/Pods/Target Support Files/Pods-FetLife/Pods-FetLife-resources.sh\"\n";
			showEnvVarsInLog = 0;
		};
		828D66491CC1DD3200A6F1D2 /* Setup Fabric */ = {
			isa = PBXShellScriptBuildPhase;
			buildActionMask = 2147483647;
			files = (
			);
			inputPaths = (
			);
			name = "Setup Fabric";
			outputPaths = (
			);
			runOnlyForDeploymentPostprocessing = 0;
			shellPath = /bin/sh;
			shellScript = "\"${PODS_ROOT}/Fabric/run\" c024375c301ff84ebfc74878f8f19fb6ea107da2 3d881bdbd637e8b95e537047904fc664392f6fbec0c0033470a7f3e733caf5d4";
		};
/* End PBXShellScriptBuildPhase section */

/* Begin PBXSourcesBuildPhase section */
		828D662A1CC1DD3200A6F1D2 /* Sources */ = {
			isa = PBXSourcesBuildPhase;
			buildActionMask = 2147483647;
			files = (
				828D662B1CC1DD3200A6F1D2 /* LoginViewController.swift in Sources */,
				828D662C1CC1DD3200A6F1D2 /* MessagesTableViewCellIncoming.swift in Sources */,
				828D662D1CC1DD3200A6F1D2 /* UIColor+FetLife.swift in Sources */,
				828D662E1CC1DD3200A6F1D2 /* ConversationCell.swift in Sources */,
				828D662F1CC1DD3200A6F1D2 /* ConversationsViewController.swift in Sources */,
				828D66301CC1DD3200A6F1D2 /* Dispatch.swift in Sources */,
				828D66311CC1DD3200A6F1D2 /* LoadingView.swift in Sources */,
				828D66321CC1DD3200A6F1D2 /* API.swift in Sources */,
				828D66331CC1DD3200A6F1D2 /* MessagesTableViewController.swift in Sources */,
				828D66341CC1DD3200A6F1D2 /* AppDelegate.swift in Sources */,
				828D66351CC1DD3200A6F1D2 /* OAuth2+Alamofire.swift in Sources */,
				828D66361CC1DD3200A6F1D2 /* ErrorView.swift in Sources */,
				828D66371CC1DD3200A6F1D2 /* NoConversationsView.swift in Sources */,
				828D66381CC1DD3200A6F1D2 /* Models.swift in Sources */,
				828D66391CC1DD3200A6F1D2 /* BaseMessagesTableViewCell.swift in Sources */,
				828D663A1CC1DD3200A6F1D2 /* MessagesTableViewCellIOutgoing.swift in Sources */,
			);
			runOnlyForDeploymentPostprocessing = 0;
		};
		82B355961CC52A6400CBDAB3 /* Sources */ = {
			isa = PBXSourcesBuildPhase;
			buildActionMask = 2147483647;
			files = (
				82B355971CC52A6400CBDAB3 /* MessagesTableViewCellIncoming.swift in Sources */,
				82B355981CC52A6400CBDAB3 /* UIColor+FetLife.swift in Sources */,
				82B355991CC52A6400CBDAB3 /* ConversationCell.swift in Sources */,
				82B3559A1CC52A6400CBDAB3 /* OAuth2+Alamofire.swift in Sources */,
				82B3559B1CC52A6400CBDAB3 /* LoginViewController.swift in Sources */,
				82B3559C1CC52A6400CBDAB3 /* LoadingView.swift in Sources */,
				82B3559D1CC52A6400CBDAB3 /* MessagesTableViewController.swift in Sources */,
				82B3559E1CC52A6400CBDAB3 /* ConversationsViewController.swift in Sources */,
				82B3559F1CC52A6400CBDAB3 /* FetChatTests.swift in Sources */,
				82B355A01CC52A6400CBDAB3 /* Dispatch.swift in Sources */,
				82B355A11CC52A6400CBDAB3 /* API.swift in Sources */,
				82B355A21CC52A6400CBDAB3 /* ErrorView.swift in Sources */,
				82B355A31CC52A6400CBDAB3 /* NoConversationsView.swift in Sources */,
				82B355A41CC52A6400CBDAB3 /* Models.swift in Sources */,
				82B355A51CC52A6400CBDAB3 /* BaseMessagesTableViewCell.swift in Sources */,
				82B355A61CC52A6400CBDAB3 /* MessagesTableViewCellIOutgoing.swift in Sources */,
			);
			runOnlyForDeploymentPostprocessing = 0;
		};
		82B355B11CC52AC800CBDAB3 /* Sources */ = {
			isa = PBXSourcesBuildPhase;
			buildActionMask = 2147483647;
			files = (
				82B355B21CC52AC800CBDAB3 /* MessagesTableViewCellIncoming.swift in Sources */,
				82B355B31CC52AC800CBDAB3 /* LoginViewController.swift in Sources */,
				82B355B41CC52AC800CBDAB3 /* FetChatUITests.swift in Sources */,
				82B355B51CC52AC800CBDAB3 /* OAuth2+Alamofire.swift in Sources */,
				82B355B61CC52AC800CBDAB3 /* ConversationsViewController.swift in Sources */,
				82B355B71CC52AC800CBDAB3 /* LoadingView.swift in Sources */,
				82B355B81CC52AC800CBDAB3 /* API.swift in Sources */,
				82B355B91CC52AC800CBDAB3 /* MessagesTableViewController.swift in Sources */,
				82B355BA1CC52AC800CBDAB3 /* ConversationCell.swift in Sources */,
				82B355BB1CC52AC800CBDAB3 /* Dispatch.swift in Sources */,
				82B355BC1CC52AC800CBDAB3 /* UIColor+FetLife.swift in Sources */,
				82B355BD1CC52AC800CBDAB3 /* ErrorView.swift in Sources */,
				82B355BE1CC52AC800CBDAB3 /* NoConversationsView.swift in Sources */,
				82B355BF1CC52AC800CBDAB3 /* Models.swift in Sources */,
				82B355C01CC52AC800CBDAB3 /* BaseMessagesTableViewCell.swift in Sources */,
				82B355C11CC52AC800CBDAB3 /* MessagesTableViewCellIOutgoing.swift in Sources */,
			);
			runOnlyForDeploymentPostprocessing = 0;
		};
/* End PBXSourcesBuildPhase section */

/* Begin PBXVariantGroup section */
		82B55AC31C60FB060035D45E /* Main.storyboard */ = {
			isa = PBXVariantGroup;
			children = (
				82B55AC41C60FB060035D45E /* Base */,
			);
			name = Main.storyboard;
			sourceTree = "<group>";
		};
		82B55AC81C60FB060035D45E /* LaunchScreen.storyboard */ = {
			isa = PBXVariantGroup;
			children = (
				82B55AC91C60FB060035D45E /* Base */,
			);
			name = LaunchScreen.storyboard;
			sourceTree = "<group>";
		};
/* End PBXVariantGroup section */

/* Begin XCBuildConfiguration section */
		828D664B1CC1DD3200A6F1D2 /* Debug */ = {
			isa = XCBuildConfiguration;
			baseConfigurationReference = 58BD6D2F273768CECA24029F /* Pods-FetLife.debug.xcconfig */;
			buildSettings = {
				ASSETCATALOG_COMPILER_APPICON_NAME = AppIcon;
				CODE_SIGN_IDENTITY = "iPhone Developer";
				"CODE_SIGN_IDENTITY[sdk=iphoneos*]" = "iPhone Developer";
				DEBUG_INFORMATION_FORMAT = "dwarf-with-dsym";
				FRAMEWORK_SEARCH_PATHS = "$(inherited)";
				GCC_SYMBOLS_PRIVATE_EXTERN = NO;
				INFOPLIST_FILE = FetLife/Info.plist;
				IPHONEOS_DEPLOYMENT_TARGET = 9.0;
				LD_RUNPATH_SEARCH_PATHS = "$(inherited) @executable_path/Frameworks";
				MTL_ENABLE_DEBUG_INFO = YES;
				PRODUCT_BUNDLE_IDENTIFIER = co.bitlove.FetLife;
				PRODUCT_NAME = "$(TARGET_NAME)";
				PROVISIONING_PROFILE = "";
				SWIFT_OBJC_BRIDGING_HEADER = "FetLife/FetLife-Swift-Bridging-Header.h";
				TARGETED_DEVICE_FAMILY = 1;
			};
			name = Debug;
		};
		828D664C1CC1DD3200A6F1D2 /* Release */ = {
			isa = XCBuildConfiguration;
			baseConfigurationReference = 41E867F84813A83003B38D05 /* Pods-FetLife.release.xcconfig */;
			buildSettings = {
				ASSETCATALOG_COMPILER_APPICON_NAME = AppIcon;
				CODE_SIGN_IDENTITY = "iPhone Developer";
				"CODE_SIGN_IDENTITY[sdk=iphoneos*]" = "iPhone Developer";
				FRAMEWORK_SEARCH_PATHS = "$(inherited)";
				INFOPLIST_FILE = FetLife/Info.plist;
				IPHONEOS_DEPLOYMENT_TARGET = 9.0;
				LD_RUNPATH_SEARCH_PATHS = "$(inherited) @executable_path/Frameworks";
				MTL_ENABLE_DEBUG_INFO = NO;
				PRODUCT_BUNDLE_IDENTIFIER = co.bitlove.FetLife;
				PRODUCT_NAME = "$(TARGET_NAME)";
				PROVISIONING_PROFILE = "";
				SWIFT_OBJC_BRIDGING_HEADER = "FetLife/FetLife-Swift-Bridging-Header.h";
				TARGETED_DEVICE_FAMILY = 1;
			};
			name = Release;
		};
		82B355AD1CC52A6400CBDAB3 /* Debug */ = {
			isa = XCBuildConfiguration;
			buildSettings = {
				BUNDLE_LOADER = "$(TEST_HOST)";
				FRAMEWORK_SEARCH_PATHS = (
					"$(inherited)",
					"$(PROJECT_DIR)/Carthage/Build/iOS",
				);
				GCC_SYMBOLS_PRIVATE_EXTERN = NO;
				INFOPLIST_FILE = FetLifeTests/Info.plist;
				LD_RUNPATH_SEARCH_PATHS = "$(inherited) @executable_path/Frameworks @loader_path/Frameworks";
				PRODUCT_BUNDLE_IDENTIFIER = co.bitlove.FetLifeTests;
				PRODUCT_NAME = "$(TARGET_NAME)";
				TEST_HOST = "$(BUILT_PRODUCTS_DIR)/FetLife.app/FetLife";
			};
			name = Debug;
		};
		82B355AE1CC52A6400CBDAB3 /* Release */ = {
			isa = XCBuildConfiguration;
			buildSettings = {
				BUNDLE_LOADER = "$(TEST_HOST)";
				FRAMEWORK_SEARCH_PATHS = (
					"$(inherited)",
					"$(PROJECT_DIR)/Carthage/Build/iOS",
				);
				INFOPLIST_FILE = FetLifeTests/Info.plist;
				LD_RUNPATH_SEARCH_PATHS = "$(inherited) @executable_path/Frameworks @loader_path/Frameworks";
				PRODUCT_BUNDLE_IDENTIFIER = co.bitlove.FetLifeTests;
				PRODUCT_NAME = "$(TARGET_NAME)";
				TEST_HOST = "$(BUILT_PRODUCTS_DIR)/FetLife.app/FetLife";
			};
			name = Release;
		};
		82B355C71CC52AC800CBDAB3 /* Debug */ = {
			isa = XCBuildConfiguration;
			buildSettings = {
				GCC_SYMBOLS_PRIVATE_EXTERN = NO;
				INFOPLIST_FILE = FetLifeUITests/Info.plist;
				LD_RUNPATH_SEARCH_PATHS = "$(inherited) @executable_path/Frameworks @loader_path/Frameworks";
				PRODUCT_BUNDLE_IDENTIFIER = co.bitlove.FetLifeUITests;
				PRODUCT_NAME = "$(TARGET_NAME)";
				TEST_TARGET_NAME = FetChat;
				USES_XCTRUNNER = YES;
			};
			name = Debug;
		};
		82B355C81CC52AC800CBDAB3 /* Release */ = {
			isa = XCBuildConfiguration;
			buildSettings = {
				INFOPLIST_FILE = FetLifeUITests/Info.plist;
				LD_RUNPATH_SEARCH_PATHS = "$(inherited) @executable_path/Frameworks @loader_path/Frameworks";
				PRODUCT_BUNDLE_IDENTIFIER = co.bitlove.FetLifeUITests;
				PRODUCT_NAME = "$(TARGET_NAME)";
				TEST_TARGET_NAME = FetChat;
				USES_XCTRUNNER = YES;
			};
			name = Release;
		};
		82B55AE21C60FB060035D45E /* Debug */ = {
			isa = XCBuildConfiguration;
			buildSettings = {
				ALWAYS_SEARCH_USER_PATHS = NO;
				CLANG_CXX_LANGUAGE_STANDARD = "gnu++0x";
				CLANG_CXX_LIBRARY = "libc++";
				CLANG_ENABLE_MODULES = YES;
				CLANG_ENABLE_OBJC_ARC = YES;
				CLANG_WARN_BOOL_CONVERSION = YES;
				CLANG_WARN_CONSTANT_CONVERSION = YES;
				CLANG_WARN_DIRECT_OBJC_ISA_USAGE = YES_ERROR;
				CLANG_WARN_EMPTY_BODY = YES;
				CLANG_WARN_ENUM_CONVERSION = YES;
				CLANG_WARN_INT_CONVERSION = YES;
				CLANG_WARN_OBJC_ROOT_CLASS = YES_ERROR;
				CLANG_WARN_UNREACHABLE_CODE = YES;
				CLANG_WARN__DUPLICATE_METHOD_MATCH = YES;
				"CODE_SIGN_IDENTITY[sdk=iphoneos*]" = "iPhone Developer";
				COPY_PHASE_STRIP = NO;
				DEBUG_INFORMATION_FORMAT = dwarf;
				ENABLE_STRICT_OBJC_MSGSEND = YES;
				ENABLE_TESTABILITY = YES;
				FETAPI_BASE_URL = "https://fetlife.com/api";
				FETAPI_OAUTH_CLIENT_ID = b8fb0da9afd04153dba7948fcff42498d3bae2f004b1b9527602e64c2b6029ea;
				FETAPI_OAUTH_CLIENT_SECRET = 8c701297525609d2910841871422ae6e2e502745265b1f3cb303ce3418d2b6bc;
				GCC_C_LANGUAGE_STANDARD = gnu99;
				GCC_DYNAMIC_NO_PIC = NO;
				GCC_NO_COMMON_BLOCKS = YES;
				GCC_OPTIMIZATION_LEVEL = 0;
				GCC_PREPROCESSOR_DEFINITIONS = (
					"DEBUG=1",
					"$(inherited)",
				);
				GCC_SYMBOLS_PRIVATE_EXTERN = NO;
				GCC_WARN_64_TO_32_BIT_CONVERSION = YES;
				GCC_WARN_ABOUT_RETURN_TYPE = YES_ERROR;
				GCC_WARN_UNDECLARED_SELECTOR = YES;
				GCC_WARN_UNINITIALIZED_AUTOS = YES_AGGRESSIVE;
				GCC_WARN_UNUSED_FUNCTION = YES;
				GCC_WARN_UNUSED_VARIABLE = YES;
				IPHONEOS_DEPLOYMENT_TARGET = 9.2;
				MTL_ENABLE_DEBUG_INFO = YES;
				ONLY_ACTIVE_ARCH = YES;
				OTHER_SWIFT_FLAGS = "-DDEBUG";
				SDKROOT = iphoneos;
				SWIFT_OBJC_BRIDGING_HEADER = "FetLife/FetLife-Swift-Bridging-Header.h";
				SWIFT_OPTIMIZATION_LEVEL = "-Onone";
				TARGETED_DEVICE_FAMILY = "1,2";
			};
			name = Debug;
		};
		82B55AE31C60FB060035D45E /* Release */ = {
			isa = XCBuildConfiguration;
			buildSettings = {
				ALWAYS_SEARCH_USER_PATHS = NO;
				CLANG_CXX_LANGUAGE_STANDARD = "gnu++0x";
				CLANG_CXX_LIBRARY = "libc++";
				CLANG_ENABLE_MODULES = YES;
				CLANG_ENABLE_OBJC_ARC = YES;
				CLANG_WARN_BOOL_CONVERSION = YES;
				CLANG_WARN_CONSTANT_CONVERSION = YES;
				CLANG_WARN_DIRECT_OBJC_ISA_USAGE = YES_ERROR;
				CLANG_WARN_EMPTY_BODY = YES;
				CLANG_WARN_ENUM_CONVERSION = YES;
				CLANG_WARN_INT_CONVERSION = YES;
				CLANG_WARN_OBJC_ROOT_CLASS = YES_ERROR;
				CLANG_WARN_UNREACHABLE_CODE = YES;
				CLANG_WARN__DUPLICATE_METHOD_MATCH = YES;
				"CODE_SIGN_IDENTITY[sdk=iphoneos*]" = "iPhone Developer";
				COPY_PHASE_STRIP = NO;
				DEBUG_INFORMATION_FORMAT = "dwarf-with-dsym";
				ENABLE_NS_ASSERTIONS = NO;
				ENABLE_STRICT_OBJC_MSGSEND = YES;
				FETAPI_BASE_URL = "https://fetlife.com/api";
				FETAPI_OAUTH_CLIENT_ID = b8fb0da9afd04153dba7948fcff42498d3bae2f004b1b9527602e64c2b6029ea;
				FETAPI_OAUTH_CLIENT_SECRET = 8c701297525609d2910841871422ae6e2e502745265b1f3cb303ce3418d2b6bc;
				GCC_C_LANGUAGE_STANDARD = gnu99;
				GCC_NO_COMMON_BLOCKS = YES;
				GCC_WARN_64_TO_32_BIT_CONVERSION = YES;
				GCC_WARN_ABOUT_RETURN_TYPE = YES_ERROR;
				GCC_WARN_UNDECLARED_SELECTOR = YES;
				GCC_WARN_UNINITIALIZED_AUTOS = YES_AGGRESSIVE;
				GCC_WARN_UNUSED_FUNCTION = YES;
				GCC_WARN_UNUSED_VARIABLE = YES;
				IPHONEOS_DEPLOYMENT_TARGET = 9.2;
				MTL_ENABLE_DEBUG_INFO = NO;
				SDKROOT = iphoneos;
				SWIFT_OBJC_BRIDGING_HEADER = "FetLife/FetLife-Swift-Bridging-Header.h";
				SWIFT_OPTIMIZATION_LEVEL = "-Owholemodule";
				TARGETED_DEVICE_FAMILY = "1,2";
				VALIDATE_PRODUCT = YES;
			};
			name = Release;
		};
/* End XCBuildConfiguration section */

/* Begin XCConfigurationList section */
		828D664A1CC1DD3200A6F1D2 /* Build configuration list for PBXNativeTarget "FetLife" */ = {
			isa = XCConfigurationList;
			buildConfigurations = (
				828D664B1CC1DD3200A6F1D2 /* Debug */,
				828D664C1CC1DD3200A6F1D2 /* Release */,
			);
			defaultConfigurationIsVisible = 0;
			defaultConfigurationName = Release;
		};
		82B355AC1CC52A6400CBDAB3 /* Build configuration list for PBXNativeTarget "FetLifeTests" */ = {
			isa = XCConfigurationList;
			buildConfigurations = (
				82B355AD1CC52A6400CBDAB3 /* Debug */,
				82B355AE1CC52A6400CBDAB3 /* Release */,
			);
			defaultConfigurationIsVisible = 0;
			defaultConfigurationName = Release;
		};
		82B355C61CC52AC800CBDAB3 /* Build configuration list for PBXNativeTarget "FetLifeUITests" */ = {
			isa = XCConfigurationList;
			buildConfigurations = (
				82B355C71CC52AC800CBDAB3 /* Debug */,
				82B355C81CC52AC800CBDAB3 /* Release */,
			);
			defaultConfigurationIsVisible = 0;
			defaultConfigurationName = Release;
		};
		82B55AB51C60FB060035D45E /* Build configuration list for PBXProject "FetLife" */ = {
			isa = XCConfigurationList;
			buildConfigurations = (
				82B55AE21C60FB060035D45E /* Debug */,
				82B55AE31C60FB060035D45E /* Release */,
			);
			defaultConfigurationIsVisible = 0;
			defaultConfigurationName = Release;
		};
/* End XCConfigurationList section */
	};
	rootObject = 82B55AB21C60FB060035D45E /* Project object */;
}
